
Microsoft Visual Studio Solution File, Format Version 12.00
# Visual Studio Version 16
VisualStudioVersion = 16.0.30011.22
MinimumVisualStudioVersion = 10.0.40219.1
Project("{9A19103F-16F7-4668-BE54-9A1E7A4F7556}") = "Server", "Server\Server.csproj", "{16944855-8306-484D-A138-5F74D29096AA}"
EndProject
Project("{FAE04EC0-301F-11D3-BF4B-00C04F79EFBC}") = "Client", "Client\Client.csproj", "{7B7F913C-971E-4AFA-A9E8-AB944F6E4712}"
	ProjectSection(ProjectDependencies) = postProject
		{5F32C21A-3E74-4115-8C54-F059EC547143} = {5F32C21A-3E74-4115-8C54-F059EC547143}
	EndProjectSection
EndProject
Project("{9A19103F-16F7-4668-BE54-9A1E7A4F7556}") = "SharedGateway", "SharedGateway\SharedGateway.csproj", "{5F32C21A-3E74-4115-8C54-F059EC547143}"
EndProject
Global
	GlobalSection(SolutionConfigurationPlatforms) = preSolution
		Debug|Any CPU = Debug|Any CPU
		Release|Any CPU = Release|Any CPU
	EndGlobalSection
	GlobalSection(ProjectConfigurationPlatforms) = postSolution
		{16944855-8306-484D-A138-5F74D29096AA}.Debug|Any CPU.ActiveCfg = Debug|Any CPU
		{16944855-8306-484D-A138-5F74D29096AA}.Debug|Any CPU.Build.0 = Debug|Any CPU
		{16944855-8306-484D-A138-5F74D29096AA}.Release|Any CPU.ActiveCfg = Release|Any CPU
		{16944855-8306-484D-A138-5F74D29096AA}.Release|Any CPU.Build.0 = Release|Any CPU
		{7B7F913C-971E-4AFA-A9E8-AB944F6E4712}.Debug|Any CPU.ActiveCfg = Debug|Any CPU
		{7B7F913C-971E-4AFA-A9E8-AB944F6E4712}.Debug|Any CPU.Build.0 = Debug|Any CPU
		{7B7F913C-971E-4AFA-A9E8-AB944F6E4712}.Release|Any CPU.ActiveCfg = Release|Any CPU
		{7B7F913C-971E-4AFA-A9E8-AB944F6E4712}.Release|Any CPU.Build.0 = Release|Any CPU
		{5F32C21A-3E74-4115-8C54-F059EC547143}.Debug|Any CPU.ActiveCfg = Debug|Any CPU
		{5F32C21A-3E74-4115-8C54-F059EC547143}.Debug|Any CPU.Build.0 = Debug|Any CPU
		{5F32C21A-3E74-4115-8C54-F059EC547143}.Release|Any CPU.ActiveCfg = Release|Any CPU
		{5F32C21A-3E74-4115-8C54-F059EC547143}.Release|Any CPU.Build.0 = Release|Any CPU
	EndGlobalSection
	GlobalSection(SolutionProperties) = preSolution
		HideSolutionNode = FALSE
	EndGlobalSection
	GlobalSection(ExtensibilityGlobals) = postSolution
		SolutionGuid = {9142DF93-4A15-4B5C-AE44-984C0C41EE21}
	EndGlobalSection
EndGlobal
